
Microsoft Visual Studio Solution File, Format Version 12.00
# Visual Studio Version 17
VisualStudioVersion = 17.11.35327.3
MinimumVisualStudioVersion = 10.0.40219.1
Project("{FAE04EC0-301F-11D3-BF4B-00C04F79EFBC}") = "CoordinateTrackerAndClicker", "CoordinateTrackerAndClicker.csproj", "{88C6343E-6A6E-45E3-B3B5-BB2A6B1CEE1A}"
EndProject
Global
	GlobalSection(SolutionConfigurationPlatforms) = preSolution
		Debug|Any CPU = Debug|Any CPU
		Release|Any CPU = Release|Any CPU
	EndGlobalSection
	GlobalSection(ProjectConfigurationPlatforms) = postSolution
		{88C6343E-6A6E-45E3-B3B5-BB2A6B1CEE1A}.Debug|Any CPU.ActiveCfg = Debug|Any CPU
		{88C6343E-6A6E-45E3-B3B5-BB2A6B1CEE1A}.Debug|Any CPU.Build.0 = Debug|Any CPU
		{88C6343E-6A6E-45E3-B3B5-BB2A6B1CEE1A}.Release|Any CPU.ActiveCfg = Release|Any CPU
		{88C6343E-6A6E-45E3-B3B5-BB2A6B1CEE1A}.Release|Any CPU.Build.0 = Release|Any CPU
	EndGlobalSection
	GlobalSection(SolutionProperties) = preSolution
		HideSolutionNode = FALSE
	EndGlobalSection
	GlobalSection(ExtensibilityGlobals) = postSolution
		SolutionGuid = {E2259ECA-B49F-479B-9BEB-F263A70CFE29}
	EndGlobalSection
EndGlobal
